
Microsoft Visual Studio Solution File, Format Version 12.00
# Visual Studio Version 17
VisualStudioVersion = 17.13.35806.99 d17.13
MinimumVisualStudioVersion = 10.0.40219.1
Project("{FAE04EC0-301F-11D3-BF4B-00C04F79EFBC}") = "ReadNameAndAge", "ReadNameAndAge\ReadNameAndAge.csproj", "{49C91173-2D2B-4F4C-9DE9-8ED35AB35F0D}"
EndProject
Global
	GlobalSection(SolutionConfigurationPlatforms) = preSolution
		Debug|Any CPU = Debug|Any CPU
		Release|Any CPU = Release|Any CPU
	EndGlobalSection
	GlobalSection(ProjectConfigurationPlatforms) = postSolution
		{49C91173-2D2B-4F4C-9DE9-8ED35AB35F0D}.Debug|Any CPU.ActiveCfg = Debug|Any CPU
		{49C91173-2D2B-4F4C-9DE9-8ED35AB35F0D}.Debug|Any CPU.Build.0 = Debug|Any CPU
		{49C91173-2D2B-4F4C-9DE9-8ED35AB35F0D}.Release|Any CPU.ActiveCfg = Release|Any CPU
		{49C91173-2D2B-4F4C-9DE9-8ED35AB35F0D}.Release|Any CPU.Build.0 = Release|Any CPU
	EndGlobalSection
	GlobalSection(SolutionProperties) = preSolution
		HideSolutionNode = FALSE
	EndGlobalSection
	GlobalSection(ExtensibilityGlobals) = postSolution
		SolutionGuid = {AA1D87AF-EDA9-41EB-B39B-D39EB0131F5C}
	EndGlobalSection
EndGlobal
