
Microsoft Visual Studio Solution File, Format Version 12.00
# Visual Studio Version 17
VisualStudioVersion = 17.13.35806.99 d17.13
MinimumVisualStudioVersion = 10.0.40219.1
Project("{FAE04EC0-301F-11D3-BF4B-00C04F79EFBC}") = "Atividade6", "Atividade6\Atividade6.csproj", "{CC67E486-70D0-43F7-A439-0E44C3B8FC0B}"
EndProject
Global
	GlobalSection(SolutionConfigurationPlatforms) = preSolution
		Debug|Any CPU = Debug|Any CPU
		Release|Any CPU = Release|Any CPU
	EndGlobalSection
	GlobalSection(ProjectConfigurationPlatforms) = postSolution
		{CC67E486-70D0-43F7-A439-0E44C3B8FC0B}.Debug|Any CPU.ActiveCfg = Debug|Any CPU
		{CC67E486-70D0-43F7-A439-0E44C3B8FC0B}.Debug|Any CPU.Build.0 = Debug|Any CPU
		{CC67E486-70D0-43F7-A439-0E44C3B8FC0B}.Release|Any CPU.ActiveCfg = Release|Any CPU
		{CC67E486-70D0-43F7-A439-0E44C3B8FC0B}.Release|Any CPU.Build.0 = Release|Any CPU
	EndGlobalSection
	GlobalSection(SolutionProperties) = preSolution
		HideSolutionNode = FALSE
	EndGlobalSection
	GlobalSection(ExtensibilityGlobals) = postSolution
		SolutionGuid = {1A1D6081-4255-4EE3-B006-E59C164EEF93}
	EndGlobalSection
EndGlobal
