
Microsoft Visual Studio Solution File, Format Version 12.00
# Visual Studio Version 17
VisualStudioVersion = 17.13.35806.99 d17.13
MinimumVisualStudioVersion = 10.0.40219.1
Project("{FAE04EC0-301F-11D3-BF4B-00C04F79EFBC}") = "While", "While\While.csproj", "{B2DFA66E-5620-4FB2-A08D-6EEEC970568D}"
EndProject
Global
	GlobalSection(SolutionConfigurationPlatforms) = preSolution
		Debug|Any CPU = Debug|Any CPU
		Release|Any CPU = Release|Any CPU
	EndGlobalSection
	GlobalSection(ProjectConfigurationPlatforms) = postSolution
		{B2DFA66E-5620-4FB2-A08D-6EEEC970568D}.Debug|Any CPU.ActiveCfg = Debug|Any CPU
		{B2DFA66E-5620-4FB2-A08D-6EEEC970568D}.Debug|Any CPU.Build.0 = Debug|Any CPU
		{B2DFA66E-5620-4FB2-A08D-6EEEC970568D}.Release|Any CPU.ActiveCfg = Release|Any CPU
		{B2DFA66E-5620-4FB2-A08D-6EEEC970568D}.Release|Any CPU.Build.0 = Release|Any CPU
	EndGlobalSection
	GlobalSection(SolutionProperties) = preSolution
		HideSolutionNode = FALSE
	EndGlobalSection
	GlobalSection(ExtensibilityGlobals) = postSolution
		SolutionGuid = {902561D4-1A48-4814-B04D-28473B26B354}
	EndGlobalSection
EndGlobal
