
Microsoft Visual Studio Solution File, Format Version 12.00
# Visual Studio Version 17
VisualStudioVersion = 17.13.35806.99 d17.13
MinimumVisualStudioVersion = 10.0.40219.1
Project("{FAE04EC0-301F-11D3-BF4B-00C04F79EFBC}") = "Atividade7", "Atividade7\Atividade7.csproj", "{C255DCED-9D30-46F7-9650-854C5604BE34}"
EndProject
Global
	GlobalSection(SolutionConfigurationPlatforms) = preSolution
		Debug|Any CPU = Debug|Any CPU
		Release|Any CPU = Release|Any CPU
	EndGlobalSection
	GlobalSection(ProjectConfigurationPlatforms) = postSolution
		{C255DCED-9D30-46F7-9650-854C5604BE34}.Debug|Any CPU.ActiveCfg = Debug|Any CPU
		{C255DCED-9D30-46F7-9650-854C5604BE34}.Debug|Any CPU.Build.0 = Debug|Any CPU
		{C255DCED-9D30-46F7-9650-854C5604BE34}.Release|Any CPU.ActiveCfg = Release|Any CPU
		{C255DCED-9D30-46F7-9650-854C5604BE34}.Release|Any CPU.Build.0 = Release|Any CPU
	EndGlobalSection
	GlobalSection(SolutionProperties) = preSolution
		HideSolutionNode = FALSE
	EndGlobalSection
	GlobalSection(ExtensibilityGlobals) = postSolution
		SolutionGuid = {BCBB6D6C-B646-4328-AA72-6DDF4AE21530}
	EndGlobalSection
EndGlobal
