
Microsoft Visual Studio Solution File, Format Version 12.00
# Visual Studio Version 17
VisualStudioVersion = 17.13.35806.99 d17.13
MinimumVisualStudioVersion = 10.0.40219.1
Project("{FAE04EC0-301F-11D3-BF4B-00C04F79EFBC}") = "Vetor", "Vetor\Vetor.csproj", "{EBCE758A-1125-4076-BCC5-6B6BF9FB262E}"
EndProject
Global
	GlobalSection(SolutionConfigurationPlatforms) = preSolution
		Debug|Any CPU = Debug|Any CPU
		Release|Any CPU = Release|Any CPU
	EndGlobalSection
	GlobalSection(ProjectConfigurationPlatforms) = postSolution
		{EBCE758A-1125-4076-BCC5-6B6BF9FB262E}.Debug|Any CPU.ActiveCfg = Debug|Any CPU
		{EBCE758A-1125-4076-BCC5-6B6BF9FB262E}.Debug|Any CPU.Build.0 = Debug|Any CPU
		{EBCE758A-1125-4076-BCC5-6B6BF9FB262E}.Release|Any CPU.ActiveCfg = Release|Any CPU
		{EBCE758A-1125-4076-BCC5-6B6BF9FB262E}.Release|Any CPU.Build.0 = Release|Any CPU
	EndGlobalSection
	GlobalSection(SolutionProperties) = preSolution
		HideSolutionNode = FALSE
	EndGlobalSection
	GlobalSection(ExtensibilityGlobals) = postSolution
		SolutionGuid = {C0634846-C9F3-4AB8-906F-A986229A06FD}
	EndGlobalSection
EndGlobal
